
Microsoft Visual Studio Solution File, Format Version 12.00
# Visual Studio Version 17
VisualStudioVersion = 17.13.35913.81 d17.13
MinimumVisualStudioVersion = 10.0.40219.1
Project("{FAE04EC0-301F-11D3-BF4B-00C04F79EFBC}") = "Estudos-C-Sharp-2", "Estudos-C-Sharp-2\Estudos-C-Sharp-2.csproj", "{B040E30D-3C2F-4590-9337-2F20F5429D80}"
EndProject
Global
	GlobalSection(SolutionConfigurationPlatforms) = preSolution
		Debug|Any CPU = Debug|Any CPU
		Release|Any CPU = Release|Any CPU
	EndGlobalSection
	GlobalSection(ProjectConfigurationPlatforms) = postSolution
		{B040E30D-3C2F-4590-9337-2F20F5429D80}.Debug|Any CPU.ActiveCfg = Debug|Any CPU
		{B040E30D-3C2F-4590-9337-2F20F5429D80}.Debug|Any CPU.Build.0 = Debug|Any CPU
		{B040E30D-3C2F-4590-9337-2F20F5429D80}.Release|Any CPU.ActiveCfg = Release|Any CPU
		{B040E30D-3C2F-4590-9337-2F20F5429D80}.Release|Any CPU.Build.0 = Release|Any CPU
	EndGlobalSection
	GlobalSection(SolutionProperties) = preSolution
		HideSolutionNode = FALSE
	EndGlobalSection
	GlobalSection(ExtensibilityGlobals) = postSolution
		SolutionGuid = {5A0E66D4-3EDC-4B77-A959-4A4D6AD4A5A6}
	EndGlobalSection
EndGlobal
